
Microsoft Visual Studio Solution File, Format Version 12.00
# Visual Studio 14
VisualStudioVersion = 14.0.24720.0
MinimumVisualStudioVersion = 10.0.40219.1
Project("{FAE04EC0-301F-11D3-BF4B-00C04F79EFBC}") = "Gar.Desktop", "Gar.Desktop\Gar.Desktop.csproj", "{D9D2DBF8-038D-4C14-9D51-FF83D430D45C}"
EndProject
Project("{2150E333-8FDC-42A3-9474-1A3956D46DE8}") = "Desktop", "Desktop", "{76750D47-8FDD-44E3-A762-DA63F028552B}"
EndProject
Project("{2150E333-8FDC-42A3-9474-1A3956D46DE8}") = "Root", "Root", "{CFC9E311-57FA-4681-94EA-137495D42CF5}"
EndProject
Project("{FAE04EC0-301F-11D3-BF4B-00C04F79EFBC}") = "Gar.Root", "Gar.Root\Gar.Root.csproj", "{5AF16FF3-EFD3-43A6-987B-7EB3098E10BD}"
EndProject
Project("{FAE04EC0-301F-11D3-BF4B-00C04F79EFBC}") = "Gar.Root.Ui", "Gar.Root.Ui\Gar.Root.Ui.csproj", "{1AFBD951-54BC-42F2-BE70-BDB9DFBCAFCB}"
EndProject
Project("{FAE04EC0-301F-11D3-BF4B-00C04F79EFBC}") = "Gar.Root.Contracts", "Gar.Root.Contracts\Gar.Root.Contracts.csproj", "{3587561E-B029-4786-8B14-AE24C615F5C5}"
EndProject
Project("{FAE04EC0-301F-11D3-BF4B-00C04F79EFBC}") = "Gar.Client.Bootstrapper", "Gar.Client.Bootstrapper\Gar.Client.Bootstrapper.csproj", "{1D9A2FD4-5B80-401E-9F11-9C8DE7048C5A}"
EndProject
Project("{2150E333-8FDC-42A3-9474-1A3956D46DE8}") = "Client", "Client", "{89CF42A1-9DC9-4191-8C38-48DEF6EA92B5}"
EndProject
Project("{FAE04EC0-301F-11D3-BF4B-00C04F79EFBC}") = "Gar.Client.Ui", "Gar.Client.Ui\Gar.Client.Ui.csproj", "{8D5AB5D5-2476-4E0B-8D7D-5FA22023C75F}"
EndProject
Project("{FAE04EC0-301F-11D3-BF4B-00C04F79EFBC}") = "Gar.Client.Contracts", "Gar.Client.Contracts\Gar.Client.Contracts.csproj", "{5E7F1D9B-2CD3-4E4F-98FA-015BC2C40485}"
EndProject
Project("{FAE04EC0-301F-11D3-BF4B-00C04F79EFBC}") = "Gar.Client.Design", "Gar.Client.Design\Gar.Client.Design.csproj", "{F01AAB4A-E5D7-422B-A213-F12D802E66A6}"
EndProject
Global
	GlobalSection(SolutionConfigurationPlatforms) = preSolution
		Debug|Any CPU = Debug|Any CPU
		Release|Any CPU = Release|Any CPU
	EndGlobalSection
	GlobalSection(ProjectConfigurationPlatforms) = postSolution
		{D9D2DBF8-038D-4C14-9D51-FF83D430D45C}.Debug|Any CPU.ActiveCfg = Debug|Any CPU
		{D9D2DBF8-038D-4C14-9D51-FF83D430D45C}.Debug|Any CPU.Build.0 = Debug|Any CPU
		{D9D2DBF8-038D-4C14-9D51-FF83D430D45C}.Release|Any CPU.ActiveCfg = Release|Any CPU
		{D9D2DBF8-038D-4C14-9D51-FF83D430D45C}.Release|Any CPU.Build.0 = Release|Any CPU
		{5AF16FF3-EFD3-43A6-987B-7EB3098E10BD}.Debug|Any CPU.ActiveCfg = Debug|Any CPU
		{5AF16FF3-EFD3-43A6-987B-7EB3098E10BD}.Debug|Any CPU.Build.0 = Debug|Any CPU
		{5AF16FF3-EFD3-43A6-987B-7EB3098E10BD}.Release|Any CPU.ActiveCfg = Release|Any CPU
		{5AF16FF3-EFD3-43A6-987B-7EB3098E10BD}.Release|Any CPU.Build.0 = Release|Any CPU
		{1AFBD951-54BC-42F2-BE70-BDB9DFBCAFCB}.Debug|Any CPU.ActiveCfg = Debug|Any CPU
		{1AFBD951-54BC-42F2-BE70-BDB9DFBCAFCB}.Debug|Any CPU.Build.0 = Debug|Any CPU
		{1AFBD951-54BC-42F2-BE70-BDB9DFBCAFCB}.Release|Any CPU.ActiveCfg = Release|Any CPU
		{1AFBD951-54BC-42F2-BE70-BDB9DFBCAFCB}.Release|Any CPU.Build.0 = Release|Any CPU
		{3587561E-B029-4786-8B14-AE24C615F5C5}.Debug|Any CPU.ActiveCfg = Debug|Any CPU
		{3587561E-B029-4786-8B14-AE24C615F5C5}.Debug|Any CPU.Build.0 = Debug|Any CPU
		{3587561E-B029-4786-8B14-AE24C615F5C5}.Release|Any CPU.ActiveCfg = Release|Any CPU
		{3587561E-B029-4786-8B14-AE24C615F5C5}.Release|Any CPU.Build.0 = Release|Any CPU
		{1D9A2FD4-5B80-401E-9F11-9C8DE7048C5A}.Debug|Any CPU.ActiveCfg = Debug|Any CPU
		{1D9A2FD4-5B80-401E-9F11-9C8DE7048C5A}.Debug|Any CPU.Build.0 = Debug|Any CPU
		{1D9A2FD4-5B80-401E-9F11-9C8DE7048C5A}.Release|Any CPU.ActiveCfg = Release|Any CPU
		{1D9A2FD4-5B80-401E-9F11-9C8DE7048C5A}.Release|Any CPU.Build.0 = Release|Any CPU
		{8D5AB5D5-2476-4E0B-8D7D-5FA22023C75F}.Debug|Any CPU.ActiveCfg = Debug|Any CPU
		{8D5AB5D5-2476-4E0B-8D7D-5FA22023C75F}.Debug|Any CPU.Build.0 = Debug|Any CPU
		{8D5AB5D5-2476-4E0B-8D7D-5FA22023C75F}.Release|Any CPU.ActiveCfg = Release|Any CPU
		{8D5AB5D5-2476-4E0B-8D7D-5FA22023C75F}.Release|Any CPU.Build.0 = Release|Any CPU
		{5E7F1D9B-2CD3-4E4F-98FA-015BC2C40485}.Debug|Any CPU.ActiveCfg = Debug|Any CPU
		{5E7F1D9B-2CD3-4E4F-98FA-015BC2C40485}.Debug|Any CPU.Build.0 = Debug|Any CPU
		{5E7F1D9B-2CD3-4E4F-98FA-015BC2C40485}.Release|Any CPU.ActiveCfg = Release|Any CPU
		{5E7F1D9B-2CD3-4E4F-98FA-015BC2C40485}.Release|Any CPU.Build.0 = Release|Any CPU
		{F01AAB4A-E5D7-422B-A213-F12D802E66A6}.Debug|Any CPU.ActiveCfg = Debug|Any CPU
		{F01AAB4A-E5D7-422B-A213-F12D802E66A6}.Debug|Any CPU.Build.0 = Debug|Any CPU
		{F01AAB4A-E5D7-422B-A213-F12D802E66A6}.Release|Any CPU.ActiveCfg = Release|Any CPU
		{F01AAB4A-E5D7-422B-A213-F12D802E66A6}.Release|Any CPU.Build.0 = Release|Any CPU
	EndGlobalSection
	GlobalSection(SolutionProperties) = preSolution
		HideSolutionNode = FALSE
	EndGlobalSection
	GlobalSection(NestedProjects) = preSolution
		{D9D2DBF8-038D-4C14-9D51-FF83D430D45C} = {76750D47-8FDD-44E3-A762-DA63F028552B}
		{5AF16FF3-EFD3-43A6-987B-7EB3098E10BD} = {CFC9E311-57FA-4681-94EA-137495D42CF5}
		{1AFBD951-54BC-42F2-BE70-BDB9DFBCAFCB} = {CFC9E311-57FA-4681-94EA-137495D42CF5}
		{3587561E-B029-4786-8B14-AE24C615F5C5} = {CFC9E311-57FA-4681-94EA-137495D42CF5}
		{1D9A2FD4-5B80-401E-9F11-9C8DE7048C5A} = {89CF42A1-9DC9-4191-8C38-48DEF6EA92B5}
		{8D5AB5D5-2476-4E0B-8D7D-5FA22023C75F} = {89CF42A1-9DC9-4191-8C38-48DEF6EA92B5}
		{5E7F1D9B-2CD3-4E4F-98FA-015BC2C40485} = {89CF42A1-9DC9-4191-8C38-48DEF6EA92B5}
		{F01AAB4A-E5D7-422B-A213-F12D802E66A6} = {89CF42A1-9DC9-4191-8C38-48DEF6EA92B5}
	EndGlobalSection
EndGlobal
